
Microsoft Visual Studio Solution File, Format Version 12.00
# Visual Studio Version 16
VisualStudioVersion = 16.0.28803.156
MinimumVisualStudioVersion = 10.0.40219.1
Project("{9A19103F-16F7-4668-BE54-9A1E7A4F7556}") = "MyJournal.Domain", "MyJournal.Domain\MyJournal.Domain.csproj", "{8C49DFF2-4807-4D2C-8F07-97D1AF2EB157}"
EndProject
Project("{9A19103F-16F7-4668-BE54-9A1E7A4F7556}") = "MyJournal.Services", "MyJournal.Services\MyJournal.Services.csproj", "{E79E2122-1823-4EF0-8C88-ED7983AA6E2C}"
EndProject
Project("{FAE04EC0-301F-11D3-BF4B-00C04F79EFBC}") = "MyJournal.WebApi", "MyJournal.WebApi\MyJournal.WebApi.csproj", "{82BF120F-8F3B-435E-B906-866BBC6D7227}"
EndProject
Global
	GlobalSection(SolutionConfigurationPlatforms) = preSolution
		Debug|Any CPU = Debug|Any CPU
		Release|Any CPU = Release|Any CPU
	EndGlobalSection
	GlobalSection(ProjectConfigurationPlatforms) = postSolution
		{8C49DFF2-4807-4D2C-8F07-97D1AF2EB157}.Debug|Any CPU.ActiveCfg = Debug|Any CPU
		{8C49DFF2-4807-4D2C-8F07-97D1AF2EB157}.Debug|Any CPU.Build.0 = Debug|Any CPU
		{8C49DFF2-4807-4D2C-8F07-97D1AF2EB157}.Release|Any CPU.ActiveCfg = Release|Any CPU
		{8C49DFF2-4807-4D2C-8F07-97D1AF2EB157}.Release|Any CPU.Build.0 = Release|Any CPU
		{E79E2122-1823-4EF0-8C88-ED7983AA6E2C}.Debug|Any CPU.ActiveCfg = Debug|Any CPU
		{E79E2122-1823-4EF0-8C88-ED7983AA6E2C}.Debug|Any CPU.Build.0 = Debug|Any CPU
		{E79E2122-1823-4EF0-8C88-ED7983AA6E2C}.Release|Any CPU.ActiveCfg = Release|Any CPU
		{E79E2122-1823-4EF0-8C88-ED7983AA6E2C}.Release|Any CPU.Build.0 = Release|Any CPU
		{82BF120F-8F3B-435E-B906-866BBC6D7227}.Debug|Any CPU.ActiveCfg = Debug|Any CPU
		{82BF120F-8F3B-435E-B906-866BBC6D7227}.Debug|Any CPU.Build.0 = Debug|Any CPU
		{82BF120F-8F3B-435E-B906-866BBC6D7227}.Release|Any CPU.ActiveCfg = Release|Any CPU
		{82BF120F-8F3B-435E-B906-866BBC6D7227}.Release|Any CPU.Build.0 = Release|Any CPU
	EndGlobalSection
	GlobalSection(SolutionProperties) = preSolution
		HideSolutionNode = FALSE
	EndGlobalSection
	GlobalSection(ExtensibilityGlobals) = postSolution
		SolutionGuid = {E6DC9661-D5B0-4D98-B212-454C66B2FA4F}
	EndGlobalSection
EndGlobal
